// !$*UTF8*$!
{
	archiveVersion = 1;
	classes = {
	};
	objectVersion = 50;
	objects = {

/* Begin PBXBuildFile section */
		1A790C3C25CFE36E00961982 /* AppDelegate.swift in Sources */ = {isa = PBXBuildFile; fileRef = 1A790C3B25CFE36E00961982 /* AppDelegate.swift */; };
		1A790C3E25CFE36E00961982 /* SceneDelegate.swift in Sources */ = {isa = PBXBuildFile; fileRef = 1A790C3D25CFE36E00961982 /* SceneDelegate.swift */; };
		1A790C4025CFE36E00961982 /* ViewController.swift in Sources */ = {isa = PBXBuildFile; fileRef = 1A790C3F25CFE36E00961982 /* ViewController.swift */; };
		1A790C4325CFE36E00961982 /* Main.storyboard in Resources */ = {isa = PBXBuildFile; fileRef = 1A790C4125CFE36E00961982 /* Main.storyboard */; };
		1A790C4525CFE36E00961982 /* Assets.xcassets in Resources */ = {isa = PBXBuildFile; fileRef = 1A790C4425CFE36E00961982 /* Assets.xcassets */; };
		1A790C4825CFE36E00961982 /* LaunchScreen.storyboard in Resources */ = {isa = PBXBuildFile; fileRef = 1A790C4625CFE36E00961982 /* LaunchScreen.storyboard */; };
		1A790C5325CFE36E00961982 /* GachaTests.swift in Sources */ = {isa = PBXBuildFile; fileRef = 1A790C5225CFE36E00961982 /* GachaTests.swift */; };
		1A790C5E25CFE36E00961982 /* GachaUITests.swift in Sources */ = {isa = PBXBuildFile; fileRef = 1A790C5D25CFE36E00961982 /* GachaUITests.swift */; };
/* End PBXBuildFile section */

/* Begin PBXContainerItemProxy section */
		1A790C4F25CFE36E00961982 /* PBXContainerItemProxy */ = {
			isa = PBXContainerItemProxy;
			containerPortal = 1A790C3025CFE36D00961982 /* Project object */;
			proxyType = 1;
			remoteGlobalIDString = 1A790C3725CFE36D00961982;
			remoteInfo = Gacha;
		};
		1A790C5A25CFE36E00961982 /* PBXContainerItemProxy */ = {
			isa = PBXContainerItemProxy;
			containerPortal = 1A790C3025CFE36D00961982 /* Project object */;
			proxyType = 1;
			remoteGlobalIDString = 1A790C3725CFE36D00961982;
			remoteInfo = Gacha;
		};
/* End PBXContainerItemProxy section */

/* Begin PBXFileReference section */
		1A790C3825CFE36E00961982 /* Gacha.app */ = {isa = PBXFileReference; explicitFileType = wrapper.application; includeInIndex = 0; path = Gacha.app; sourceTree = BUILT_PRODUCTS_DIR; };
		1A790C3B25CFE36E00961982 /* AppDelegate.swift */ = {isa = PBXFileReference; lastKnownFileType = sourcecode.swift; path = AppDelegate.swift; sourceTree = "<group>"; };
		1A790C3D25CFE36E00961982 /* SceneDelegate.swift */ = {isa = PBXFileReference; lastKnownFileType = sourcecode.swift; path = SceneDelegate.swift; sourceTree = "<group>"; };
		1A790C3F25CFE36E00961982 /* ViewController.swift */ = {isa = PBXFileReference; lastKnownFileType = sourcecode.swift; path = ViewController.swift; sourceTree = "<group>"; };
		1A790C4225CFE36E00961982 /* Base */ = {isa = PBXFileReference; lastKnownFileType = file.storyboard; name = Base; path = Base.lproj/Main.storyboard; sourceTree = "<group>"; };
		1A790C4425CFE36E00961982 /* Assets.xcassets */ = {isa = PBXFileReference; lastKnownFileType = folder.assetcatalog; path = Assets.xcassets; sourceTree = "<group>"; };
		1A790C4725CFE36E00961982 /* Base */ = {isa = PBXFileReference; lastKnownFileType = file.storyboard; name = Base; path = Base.lproj/LaunchScreen.storyboard; sourceTree = "<group>"; };
		1A790C4925CFE36E00961982 /* Info.plist */ = {isa = PBXFileReference; lastKnownFileType = text.plist.xml; path = Info.plist; sourceTree = "<group>"; };
		1A790C4E25CFE36E00961982 /* GachaTests.xctest */ = {isa = PBXFileReference; explicitFileType = wrapper.cfbundle; includeInIndex = 0; path = GachaTests.xctest; sourceTree = BUILT_PRODUCTS_DIR; };
		1A790C5225CFE36E00961982 /* GachaTests.swift */ = {isa = PBXFileReference; lastKnownFileType = sourcecode.swift; path = GachaTests.swift; sourceTree = "<group>"; };
		1A790C5425CFE36E00961982 /* Info.plist */ = {isa = PBXFileReference; lastKnownFileType = text.plist.xml; path = Info.plist; sourceTree = "<group>"; };
		1A790C5925CFE36E00961982 /* GachaUITests.xctest */ = {isa = PBXFileReference; explicitFileType = wrapper.cfbundle; includeInIndex = 0; path = GachaUITests.xctest; sourceTree = BUILT_PRODUCTS_DIR; };
		1A790C5D25CFE36E00961982 /* GachaUITests.swift */ = {isa = PBXFileReference; lastKnownFileType = sourcecode.swift; path = GachaUITests.swift; sourceTree = "<group>"; };
		1A790C5F25CFE36E00961982 /* Info.plist */ = {isa = PBXFileReference; lastKnownFileType = text.plist.xml; path = Info.plist; sourceTree = "<group>"; };
/* End PBXFileReference section */

/* Begin PBXFrameworksBuildPhase section */
		1A790C3525CFE36D00961982 /* Frameworks */ = {
			isa = PBXFrameworksBuildPhase;
			buildActionMask = 2147483647;
			files = (
			);
			runOnlyForDeploymentPostprocessing = 0;
		};
		1A790C4B25CFE36E00961982 /* Frameworks */ = {
			isa = PBXFrameworksBuildPhase;
			buildActionMask = 2147483647;
			files = (
			);
			runOnlyForDeploymentPostprocessing = 0;
		};
		1A790C5625CFE36E00961982 /* Frameworks */ = {
			isa = PBXFrameworksBuildPhase;
			buildActionMask = 2147483647;
			files = (
			);
			runOnlyForDeploymentPostprocessing = 0;
		};
/* End PBXFrameworksBuildPhase section */

/* Begin PBXGroup section */
		1A790C2F25CFE36D00961982 = {
			isa = PBXGroup;
			children = (
				1A790C3A25CFE36E00961982 /* Gacha */,
				1A790C5125CFE36E00961982 /* GachaTests */,
				1A790C5C25CFE36E00961982 /* GachaUITests */,
				1A790C3925CFE36E00961982 /* Products */,
			);
			sourceTree = "<group>";
		};
		1A790C3925CFE36E00961982 /* Products */ = {
			isa = PBXGroup;
			children = (
				1A790C3825CFE36E00961982 /* Gacha.app */,
				1A790C4E25CFE36E00961982 /* GachaTests.xctest */,
				1A790C5925CFE36E00961982 /* GachaUITests.xctest */,
			);
			name = Products;
			sourceTree = "<group>";
		};
		1A790C3A25CFE36E00961982 /* Gacha */ = {
			isa = PBXGroup;
			children = (
				1A790C3B25CFE36E00961982 /* AppDelegate.swift */,
				1A790C3D25CFE36E00961982 /* SceneDelegate.swift */,
				1A790C3F25CFE36E00961982 /* ViewController.swift */,
				1A790C4125CFE36E00961982 /* Main.storyboard */,
				1A790C4425CFE36E00961982 /* Assets.xcassets */,
				1A790C4625CFE36E00961982 /* LaunchScreen.storyboard */,
				1A790C4925CFE36E00961982 /* Info.plist */,
			);
			path = Gacha;
			sourceTree = "<group>";
		};
		1A790C5125CFE36E00961982 /* GachaTests */ = {
			isa = PBXGroup;
			children = (
				1A790C5225CFE36E00961982 /* GachaTests.swift */,
				1A790C5425CFE36E00961982 /* Info.plist */,
			);
			path = GachaTests;
			sourceTree = "<group>";
		};
		1A790C5C25CFE36E00961982 /* GachaUITests */ = {
			isa = PBXGroup;
			children = (
				1A790C5D25CFE36E00961982 /* GachaUITests.swift */,
				1A790C5F25CFE36E00961982 /* Info.plist */,
			);
			path = GachaUITests;
			sourceTree = "<group>";
		};
/* End PBXGroup section */

/* Begin PBXNativeTarget section */
		1A790C3725CFE36D00961982 /* Gacha */ = {
			isa = PBXNativeTarget;
			buildConfigurationList = 1A790C6225CFE36E00961982 /* Build configuration list for PBXNativeTarget "Gacha" */;
			buildPhases = (
				1A790C3425CFE36D00961982 /* Sources */,
				1A790C3525CFE36D00961982 /* Frameworks */,
				1A790C3625CFE36D00961982 /* Resources */,
			);
			buildRules = (
			);
			dependencies = (
			);
			name = Gacha;
			productName = Gacha;
			productReference = 1A790C3825CFE36E00961982 /* Gacha.app */;
			productType = "com.apple.product-type.application";
		};
		1A790C4D25CFE36E00961982 /* GachaTests */ = {
			isa = PBXNativeTarget;
			buildConfigurationList = 1A790C6525CFE36E00961982 /* Build configuration list for PBXNativeTarget "GachaTests" */;
			buildPhases = (
				1A790C4A25CFE36E00961982 /* Sources */,
				1A790C4B25CFE36E00961982 /* Frameworks */,
				1A790C4C25CFE36E00961982 /* Resources */,
			);
			buildRules = (
			);
			dependencies = (
				1A790C5025CFE36E00961982 /* PBXTargetDependency */,
			);
			name = GachaTests;
			productName = GachaTests;
			productReference = 1A790C4E25CFE36E00961982 /* GachaTests.xctest */;
			productType = "com.apple.product-type.bundle.unit-test";
		};
		1A790C5825CFE36E00961982 /* GachaUITests */ = {
			isa = PBXNativeTarget;
			buildConfigurationList = 1A790C6825CFE36E00961982 /* Build configuration list for PBXNativeTarget "GachaUITests" */;
			buildPhases = (
				1A790C5525CFE36E00961982 /* Sources */,
				1A790C5625CFE36E00961982 /* Frameworks */,
				1A790C5725CFE36E00961982 /* Resources */,
			);
			buildRules = (
			);
			dependencies = (
				1A790C5B25CFE36E00961982 /* PBXTargetDependency */,
			);
			name = GachaUITests;
			productName = GachaUITests;
			productReference = 1A790C5925CFE36E00961982 /* GachaUITests.xctest */;
			productType = "com.apple.product-type.bundle.ui-testing";
		};
/* End PBXNativeTarget section */

/* Begin PBXProject section */
		1A790C3025CFE36D00961982 /* Project object */ = {
			isa = PBXProject;
			attributes = {
				LastSwiftUpdateCheck = 1240;
				LastUpgradeCheck = 1240;
				TargetAttributes = {
					1A790C3725CFE36D00961982 = {
						CreatedOnToolsVersion = 12.4;
					};
					1A790C4D25CFE36E00961982 = {
						CreatedOnToolsVersion = 12.4;
						TestTargetID = 1A790C3725CFE36D00961982;
					};
					1A790C5825CFE36E00961982 = {
						CreatedOnToolsVersion = 12.4;
						TestTargetID = 1A790C3725CFE36D00961982;
					};
				};
			};
			buildConfigurationList = 1A790C3325CFE36D00961982 /* Build configuration list for PBXProject "Gacha" */;
			compatibilityVersion = "Xcode 9.3";
			developmentRegion = en;
			hasScannedForEncodings = 0;
			knownRegions = (
				en,
				Base,
			);
			mainGroup = 1A790C2F25CFE36D00961982;
			productRefGroup = 1A790C3925CFE36E00961982 /* Products */;
			projectDirPath = "";
			projectRoot = "";
			targets = (
				1A790C3725CFE36D00961982 /* Gacha */,
				1A790C4D25CFE36E00961982 /* GachaTests */,
				1A790C5825CFE36E00961982 /* GachaUITests */,
			);
		};
/* End PBXProject section */

/* Begin PBXResourcesBuildPhase section */
		1A790C3625CFE36D00961982 /* Resources */ = {
			isa = PBXResourcesBuildPhase;
			buildActionMask = 2147483647;
			files = (
				1A790C4825CFE36E00961982 /* LaunchScreen.storyboard in Resources */,
				1A790C4525CFE36E00961982 /* Assets.xcassets in Resources */,
				1A790C4325CFE36E00961982 /* Main.storyboard in Resources */,
			);
			runOnlyForDeploymentPostprocessing = 0;
		};
		1A790C4C25CFE36E00961982 /* Resources */ = {
			isa = PBXResourcesBuildPhase;
			buildActionMask = 2147483647;
			files = (
			);
			runOnlyForDeploymentPostprocessing = 0;
		};
		1A790C5725CFE36E00961982 /* Resources */ = {
			isa = PBXResourcesBuildPhase;
			buildActionMask = 2147483647;
			files = (
			);
			runOnlyForDeploymentPostprocessing = 0;
		};
/* End PBXResourcesBuildPhase section */

/* Begin PBXSourcesBuildPhase section */
		1A790C3425CFE36D00961982 /* Sources */ = {
			isa = PBXSourcesBuildPhase;
			buildActionMask = 2147483647;
			files = (
				1A790C4025CFE36E00961982 /* ViewController.swift in Sources */,
				1A790C3C25CFE36E00961982 /* AppDelegate.swift in Sources */,
				1A790C3E25CFE36E00961982 /* SceneDelegate.swift in Sources */,
			);
			runOnlyForDeploymentPostprocessing = 0;
		};
		1A790C4A25CFE36E00961982 /* Sources */ = {
			isa = PBXSourcesBuildPhase;
			buildActionMask = 2147483647;
			files = (
				1A790C5325CFE36E00961982 /* GachaTests.swift in Sources */,
			);
			runOnlyForDeploymentPostprocessing = 0;
		};
		1A790C5525CFE36E00961982 /* Sources */ = {
			isa = PBXSourcesBuildPhase;
			buildActionMask = 2147483647;
			files = (
				1A790C5E25CFE36E00961982 /* GachaUITests.swift in Sources */,
			);
			runOnlyForDeploymentPostprocessing = 0;
		};
/* End PBXSourcesBuildPhase section */

/* Begin PBXTargetDependency section */
		1A790C5025CFE36E00961982 /* PBXTargetDependency */ = {
			isa = PBXTargetDependency;
			target = 1A790C3725CFE36D00961982 /* Gacha */;
			targetProxy = 1A790C4F25CFE36E00961982 /* PBXContainerItemProxy */;
		};
		1A790C5B25CFE36E00961982 /* PBXTargetDependency */ = {
			isa = PBXTargetDependency;
			target = 1A790C3725CFE36D00961982 /* Gacha */;
			targetProxy = 1A790C5A25CFE36E00961982 /* PBXContainerItemProxy */;
		};
/* End PBXTargetDependency section */

/* Begin PBXVariantGroup section */
		1A790C4125CFE36E00961982 /* Main.storyboard */ = {
			isa = PBXVariantGroup;
			children = (
				1A790C4225CFE36E00961982 /* Base */,
			);
			name = Main.storyboard;
			sourceTree = "<group>";
		};
		1A790C4625CFE36E00961982 /* LaunchScreen.storyboard */ = {
			isa = PBXVariantGroup;
			children = (
				1A790C4725CFE36E00961982 /* Base */,
			);
			name = LaunchScreen.storyboard;
			sourceTree = "<group>";
		};
/* End PBXVariantGroup section */

/* Begin XCBuildConfiguration section */
		1A790C6025CFE36E00961982 /* Debug */ = {
			isa = XCBuildConfiguration;
			buildSettings = {
				ALWAYS_SEARCH_USER_PATHS = NO;
				CLANG_ANALYZER_NONNULL = YES;
				CLANG_ANALYZER_NUMBER_OBJECT_CONVERSION = YES_AGGRESSIVE;
				CLANG_CXX_LANGUAGE_STANDARD = "gnu++14";
				CLANG_CXX_LIBRARY = "libc++";
				CLANG_ENABLE_MODULES = YES;
				CLANG_ENABLE_OBJC_ARC = YES;
				CLANG_ENABLE_OBJC_WEAK = YES;
				CLANG_WARN_BLOCK_CAPTURE_AUTORELEASING = YES;
				CLANG_WARN_BOOL_CONVERSION = YES;
				CLANG_WARN_COMMA = YES;
				CLANG_WARN_CONSTANT_CONVERSION = YES;
				CLANG_WARN_DEPRECATED_OBJC_IMPLEMENTATIONS = YES;
				CLANG_WARN_DIRECT_OBJC_ISA_USAGE = YES_ERROR;
				CLANG_WARN_DOCUMENTATION_COMMENTS = YES;
				CLANG_WARN_EMPTY_BODY = YES;
				CLANG_WARN_ENUM_CONVERSION = YES;
				CLANG_WARN_INFINITE_RECURSION = YES;
				CLANG_WARN_INT_CONVERSION = YES;
				CLANG_WARN_NON_LITERAL_NULL_CONVERSION = YES;
				CLANG_WARN_OBJC_IMPLICIT_RETAIN_SELF = YES;
				CLANG_WARN_OBJC_LITERAL_CONVERSION = YES;
				CLANG_WARN_OBJC_ROOT_CLASS = YES_ERROR;
				CLANG_WARN_QUOTED_INCLUDE_IN_FRAMEWORK_HEADER = YES;
				CLANG_WARN_RANGE_LOOP_ANALYSIS = YES;
				CLANG_WARN_STRICT_PROTOTYPES = YES;
				CLANG_WARN_SUSPICIOUS_MOVE = YES;
				CLANG_WARN_UNGUARDED_AVAILABILITY = YES_AGGRESSIVE;
				CLANG_WARN_UNREACHABLE_CODE = YES;
				CLANG_WARN__DUPLICATE_METHOD_MATCH = YES;
				COPY_PHASE_STRIP = NO;
				DEBUG_INFORMATION_FORMAT = dwarf;
				ENABLE_STRICT_OBJC_MSGSEND = YES;
				ENABLE_TESTABILITY = YES;
				GCC_C_LANGUAGE_STANDARD = gnu11;
				GCC_DYNAMIC_NO_PIC = NO;
				GCC_NO_COMMON_BLOCKS = YES;
				GCC_OPTIMIZATION_LEVEL = 0;
				GCC_PREPROCESSOR_DEFINITIONS = (
					"DEBUG=1",
					"$(inherited)",
				);
				GCC_WARN_64_TO_32_BIT_CONVERSION = YES;
				GCC_WARN_ABOUT_RETURN_TYPE = YES_ERROR;
				GCC_WARN_UNDECLARED_SELECTOR = YES;
				GCC_WARN_UNINITIALIZED_AUTOS = YES_AGGRESSIVE;
				GCC_WARN_UNUSED_FUNCTION = YES;
				GCC_WARN_UNUSED_VARIABLE = YES;
				IPHONEOS_DEPLOYMENT_TARGET = 14.4;
				MTL_ENABLE_DEBUG_INFO = INCLUDE_SOURCE;
				MTL_FAST_MATH = YES;
				ONLY_ACTIVE_ARCH = YES;
				SDKROOT = iphoneos;
				SWIFT_ACTIVE_COMPILATION_CONDITIONS = DEBUG;
				SWIFT_OPTIMIZATION_LEVEL = "-Onone";
			};
			name = Debug;
		};
		1A790C6125CFE36E00961982 /* Release */ = {
			isa = XCBuildConfiguration;
			buildSettings = {
				ALWAYS_SEARCH_USER_PATHS = NO;
				CLANG_ANALYZER_NONNULL = YES;
				CLANG_ANALYZER_NUMBER_OBJECT_CONVERSION = YES_AGGRESSIVE;
				CLANG_CXX_LANGUAGE_STANDARD = "gnu++14";
				CLANG_CXX_LIBRARY = "libc++";
				CLANG_ENABLE_MODULES = YES;
				CLANG_ENABLE_OBJC_ARC = YES;
				CLANG_ENABLE_OBJC_WEAK = YES;
				CLANG_WARN_BLOCK_CAPTURE_AUTORELEASING = YES;
				CLANG_WARN_BOOL_CONVERSION = YES;
				CLANG_WARN_COMMA = YES;
				CLANG_WARN_CONSTANT_CONVERSION = YES;
				CLANG_WARN_DEPRECATED_OBJC_IMPLEMENTATIONS = YES;
				CLANG_WARN_DIRECT_OBJC_ISA_USAGE = YES_ERROR;
				CLANG_WARN_DOCUMENTATION_COMMENTS = YES;
				CLANG_WARN_EMPTY_BODY = YES;
				CLANG_WARN_ENUM_CONVERSION = YES;
				CLANG_WARN_INFINITE_RECURSION = YES;
				CLANG_WARN_INT_CONVERSION = YES;
				CLANG_WARN_NON_LITERAL_NULL_CONVERSION = YES;
				CLANG_WARN_OBJC_IMPLICIT_RETAIN_SELF = YES;
				CLANG_WARN_OBJC_LITERAL_CONVERSION = YES;
				CLANG_WARN_OBJC_ROOT_CLASS = YES_ERROR;
				CLANG_WARN_QUOTED_INCLUDE_IN_FRAMEWORK_HEADER = YES;
				CLANG_WARN_RANGE_LOOP_ANALYSIS = YES;
				CLANG_WARN_STRICT_PROTOTYPES = YES;
				CLANG_WARN_SUSPICIOUS_MOVE = YES;
				CLANG_WARN_UNGUARDED_AVAILABILITY = YES_AGGRESSIVE;
				CLANG_WARN_UNREACHABLE_CODE = YES;
				CLANG_WARN__DUPLICATE_METHOD_MATCH = YES;
				COPY_PHASE_STRIP = NO;
				DEBUG_INFORMATION_FORMAT = "dwarf-with-dsym";
				ENABLE_NS_ASSERTIONS = NO;
				ENABLE_STRICT_OBJC_MSGSEND = YES;
				GCC_C_LANGUAGE_STANDARD = gnu11;
				GCC_NO_COMMON_BLOCKS = YES;
				GCC_WARN_64_TO_32_BIT_CONVERSION = YES;
				GCC_WARN_ABOUT_RETURN_TYPE = YES_ERROR;
				GCC_WARN_UNDECLARED_SELECTOR = YES;
				GCC_WARN_UNINITIALIZED_AUTOS = YES_AGGRESSIVE;
				GCC_WARN_UNUSED_FUNCTION = YES;
				GCC_WARN_UNUSED_VARIABLE = YES;
				IPHONEOS_DEPLOYMENT_TARGET = 14.4;
				MTL_ENABLE_DEBUG_INFO = NO;
				MTL_FAST_MATH = YES;
				SDKROOT = iphoneos;
				SWIFT_COMPILATION_MODE = wholemodule;
				SWIFT_OPTIMIZATION_LEVEL = "-O";
				VALIDATE_PRODUCT = YES;
			};
			name = Release;
		};
		1A790C6325CFE36E00961982 /* Debug */ = {
			isa = XCBuildConfiguration;
			buildSettings = {
				ASSETCATALOG_COMPILER_APPICON_NAME = AppIcon;
				ASSETCATALOG_COMPILER_GLOBAL_ACCENT_COLOR_NAME = AccentColor;
				CODE_SIGN_STYLE = Automatic;
				INFOPLIST_FILE = Gacha/Info.plist;
				LD_RUNPATH_SEARCH_PATHS = (
					"$(inherited)",
					"@executable_path/Frameworks",
				);
				PRODUCT_BUNDLE_IDENTIFIER = app.tatsui.nagiwo.Gacha;
				PRODUCT_NAME = "$(TARGET_NAME)";
				SWIFT_VERSION = 5.0;
				TARGETED_DEVICE_FAMILY = "1,2";
			};
			name = Debug;
		};
		1A790C6425CFE36E00961982 /* Release */ = {
			isa = XCBuildConfiguration;
			buildSettings = {
				ASSETCATALOG_COMPILER_APPICON_NAME = AppIcon;
				ASSETCATALOG_COMPILER_GLOBAL_ACCENT_COLOR_NAME = AccentColor;
				CODE_SIGN_STYLE = Automatic;
				INFOPLIST_FILE = Gacha/Info.plist;
				LD_RUNPATH_SEARCH_PATHS = (
					"$(inherited)",
					"@executable_path/Frameworks",
				);
				PRODUCT_BUNDLE_IDENTIFIER = app.tatsui.nagiwo.Gacha;
				PRODUCT_NAME = "$(TARGET_NAME)";
				SWIFT_VERSION = 5.0;
				TARGETED_DEVICE_FAMILY = "1,2";
			};
			name = Release;
		};
		1A790C6625CFE36E00961982 /* Debug */ = {
			isa = XCBuildConfiguration;
			buildSettings = {
				ALWAYS_EMBED_SWIFT_STANDARD_LIBRARIES = YES;
				BUNDLE_LOADER = "$(TEST_HOST)";
				CODE_SIGN_STYLE = Automatic;
				INFOPLIST_FILE = GachaTests/Info.plist;
				IPHONEOS_DEPLOYMENT_TARGET = 14.4;
				LD_RUNPATH_SEARCH_PATHS = (
					"$(inherited)",
					"@executable_path/Frameworks",
					"@loader_path/Frameworks",
				);
				PRODUCT_BUNDLE_IDENTIFIER = app.tatsui.nagiwo.GachaTests;
				PRODUCT_NAME = "$(TARGET_NAME)";
				SWIFT_VERSION = 5.0;
				TARGETED_DEVICE_FAMILY = "1,2";
				TEST_HOST = "$(BUILT_PRODUCTS_DIR)/Gacha.app/Gacha";
			};
			name = Debug;
		};
		1A790C6725CFE36E00961982 /* Release */ = {
			isa = XCBuildConfiguration;
			buildSettings = {
				ALWAYS_EMBED_SWIFT_STANDARD_LIBRARIES = YES;
				BUNDLE_LOADER = "$(TEST_HOST)";
				CODE_SIGN_STYLE = Automatic;
				INFOPLIST_FILE = GachaTests/Info.plist;
				IPHONEOS_DEPLOYMENT_TARGET = 14.4;
				LD_RUNPATH_SEARCH_PATHS = (
					"$(inherited)",
					"@executable_path/Frameworks",
					"@loader_path/Frameworks",
				);
				PRODUCT_BUNDLE_IDENTIFIER = app.tatsui.nagiwo.GachaTests;
				PRODUCT_NAME = "$(TARGET_NAME)";
				SWIFT_VERSION = 5.0;
				TARGETED_DEVICE_FAMILY = "1,2";
				TEST_HOST = "$(BUILT_PRODUCTS_DIR)/Gacha.app/Gacha";
			};
			name = Release;
		};
		1A790C6925CFE36E00961982 /* Debug */ = {
			isa = XCBuildConfiguration;
			buildSettings = {
				ALWAYS_EMBED_SWIFT_STANDARD_LIBRARIES = YES;
				CODE_SIGN_STYLE = Automatic;
				INFOPLIST_FILE = GachaUITests/Info.plist;
				LD_RUNPATH_SEARCH_PATHS = (
					"$(inherited)",
					"@executable_path/Frameworks",
					"@loader_path/Frameworks",
				);
				PRODUCT_BUNDLE_IDENTIFIER = app.tatsui.nagiwo.GachaUITests;
				PRODUCT_NAME = "$(TARGET_NAME)";
				SWIFT_VERSION = 5.0;
				TARGETED_DEVICE_FAMILY = "1,2";
				TEST_TARGET_NAME = Gacha;
			};
			name = Debug;
		};
		1A790C6A25CFE36E00961982 /* Release */ = {
			isa = XCBuildConfiguration;
			buildSettings = {
				ALWAYS_EMBED_SWIFT_STANDARD_LIBRARIES = YES;
				CODE_SIGN_STYLE = Automatic;
				INFOPLIST_FILE = GachaUITests/Info.plist;
				LD_RUNPATH_SEARCH_PATHS = (
					"$(inherited)",
					"@executable_path/Frameworks",
					"@loader_path/Frameworks",
				);
				PRODUCT_BUNDLE_IDENTIFIER = app.tatsui.nagiwo.GachaUITests;
				PRODUCT_NAME = "$(TARGET_NAME)";
				SWIFT_VERSION = 5.0;
				TARGETED_DEVICE_FAMILY = "1,2";
				TEST_TARGET_NAME = Gacha;
			};
			name = Release;
		};
/* End XCBuildConfiguration section */

/* Begin XCConfigurationList section */
		1A790C3325CFE36D00961982 /* Build configuration list for PBXProject "Gacha" */ = {
			isa = XCConfigurationList;
			buildConfigurations = (
				1A790C6025CFE36E00961982 /* Debug */,
				1A790C6125CFE36E00961982 /* Release */,
			);
			defaultConfigurationIsVisible = 0;
			defaultConfigurationName = Release;
		};
		1A790C6225CFE36E00961982 /* Build configuration list for PBXNativeTarget "Gacha" */ = {
			isa = XCConfigurationList;
			buildConfigurations = (
				1A790C6325CFE36E00961982 /* Debug */,
				1A790C6425CFE36E00961982 /* Release */,
			);
			defaultConfigurationIsVisible = 0;
			defaultConfigurationName = Release;
		};
		1A790C6525CFE36E00961982 /* Build configuration list for PBXNativeTarget "GachaTests" */ = {
			isa = XCConfigurationList;
			buildConfigurations = (
				1A790C6625CFE36E00961982 /* Debug */,
				1A790C6725CFE36E00961982 /* Release */,
			);
			defaultConfigurationIsVisible = 0;
			defaultConfigurationName = Release;
		};
		1A790C6825CFE36E00961982 /* Build configuration list for PBXNativeTarget "GachaUITests" */ = {
			isa = XCConfigurationList;
			buildConfigurations = (
				1A790C6925CFE36E00961982 /* Debug */,
				1A790C6A25CFE36E00961982 /* Release */,
			);
			defaultConfigurationIsVisible = 0;
			defaultConfigurationName = Release;
		};
/* End XCConfigurationList section */
	};
	rootObject = 1A790C3025CFE36D00961982 /* Project object */;
}
